
Microsoft Visual Studio Solution File, Format Version 12.00
# Visual Studio Version 16
VisualStudioVersion = 16.0.30011.22
MinimumVisualStudioVersion = 10.0.40219.1
Project("{9A19103F-16F7-4668-BE54-9A1E7A4F7556}") = "Test_Homework_6", "Test_Homework_4\Test_Homework_6.csproj", "{D31A27C5-81FB-46AC-980E-2D2A3F53174A}"
EndProject
Global
	GlobalSection(SolutionConfigurationPlatforms) = preSolution
		Debug|Any CPU = Debug|Any CPU
		Release|Any CPU = Release|Any CPU
	EndGlobalSection
	GlobalSection(ProjectConfigurationPlatforms) = postSolution
		{D31A27C5-81FB-46AC-980E-2D2A3F53174A}.Debug|Any CPU.ActiveCfg = Debug|Any CPU
		{D31A27C5-81FB-46AC-980E-2D2A3F53174A}.Debug|Any CPU.Build.0 = Debug|Any CPU
		{D31A27C5-81FB-46AC-980E-2D2A3F53174A}.Release|Any CPU.ActiveCfg = Release|Any CPU
		{D31A27C5-81FB-46AC-980E-2D2A3F53174A}.Release|Any CPU.Build.0 = Release|Any CPU
	EndGlobalSection
	GlobalSection(SolutionProperties) = preSolution
		HideSolutionNode = FALSE
	EndGlobalSection
	GlobalSection(ExtensibilityGlobals) = postSolution
		SolutionGuid = {4E7D00AC-1BAE-4F85-831B-8798874D25A3}
	EndGlobalSection
EndGlobal
